// !$*UTF8*$!
{
	archiveVersion = 1;
	classes = {
	};
	objectVersion = 77;
	objects = {

/* Begin PBXBuildFile section */
		F682D83C2DD7017800A55D10 /* Kingfisher in Frameworks */ = {isa = PBXBuildFile; productRef = F682D83B2DD7017800A55D10 /* Kingfisher */; };
/* End PBXBuildFile section */

/* Begin PBXContainerItemProxy section */
		F6885D982DD60B5500132F4F /* PBXContainerItemProxy */ = {
			isa = PBXContainerItemProxy;
			containerPortal = F6885D7F2DD60B5000132F4F /* Project object */;
			proxyType = 1;
			remoteGlobalIDString = F6885D862DD60B5000132F4F;
			remoteInfo = GitUserBrowser;
		};
		F6885DA22DD60B5500132F4F /* PBXContainerItemProxy */ = {
			isa = PBXContainerItemProxy;
			containerPortal = F6885D7F2DD60B5000132F4F /* Project object */;
			proxyType = 1;
			remoteGlobalIDString = F6885D862DD60B5000132F4F;
			remoteInfo = GitUserBrowser;
		};
/* End PBXContainerItemProxy section */

/* Begin PBXFileReference section */
		F6885D872DD60B5000132F4F /* GitUserBrowser.app */ = {isa = PBXFileReference; explicitFileType = wrapper.application; includeInIndex = 0; path = GitUserBrowser.app; sourceTree = BUILT_PRODUCTS_DIR; };
		F6885D972DD60B5500132F4F /* GitUserBrowserTests.xctest */ = {isa = PBXFileReference; explicitFileType = wrapper.cfbundle; includeInIndex = 0; path = GitUserBrowserTests.xctest; sourceTree = BUILT_PRODUCTS_DIR; };
		F6885DA12DD60B5500132F4F /* GitUserBrowserUITests.xctest */ = {isa = PBXFileReference; explicitFileType = wrapper.cfbundle; includeInIndex = 0; path = GitUserBrowserUITests.xctest; sourceTree = BUILT_PRODUCTS_DIR; };
/* End PBXFileReference section */

/* Begin PBXFileSystemSynchronizedRootGroup section */
		F6885D892DD60B5000132F4F /* GitUserBrowser */ = {
			isa = PBXFileSystemSynchronizedRootGroup;
			path = GitUserBrowser;
			sourceTree = "<group>";
		};
		F6885D9A2DD60B5500132F4F /* GitUserBrowserTests */ = {
			isa = PBXFileSystemSynchronizedRootGroup;
			path = GitUserBrowserTests;
			sourceTree = "<group>";
		};
		F6885DA42DD60B5500132F4F /* GitUserBrowserUITests */ = {
			isa = PBXFileSystemSynchronizedRootGroup;
			path = GitUserBrowserUITests;
			sourceTree = "<group>";
		};
/* End PBXFileSystemSynchronizedRootGroup section */

/* Begin PBXFrameworksBuildPhase section */
		F6885D842DD60B5000132F4F /* Frameworks */ = {
			isa = PBXFrameworksBuildPhase;
			buildActionMask = 2147483647;
			files = (
				F682D83C2DD7017800A55D10 /* Kingfisher in Frameworks */,
			);
			runOnlyForDeploymentPostprocessing = 0;
		};
		F6885D942DD60B5500132F4F /* Frameworks */ = {
			isa = PBXFrameworksBuildPhase;
			buildActionMask = 2147483647;
			files = (
			);
			runOnlyForDeploymentPostprocessing = 0;
		};
		F6885D9E2DD60B5500132F4F /* Frameworks */ = {
			isa = PBXFrameworksBuildPhase;
			buildActionMask = 2147483647;
			files = (
			);
			runOnlyForDeploymentPostprocessing = 0;
		};
/* End PBXFrameworksBuildPhase section */

/* Begin PBXGroup section */
		F6885D7E2DD60B5000132F4F = {
			isa = PBXGroup;
			children = (
				F6885D892DD60B5000132F4F /* GitUserBrowser */,
				F6885D9A2DD60B5500132F4F /* GitUserBrowserTests */,
				F6885DA42DD60B5500132F4F /* GitUserBrowserUITests */,
				F6885D882DD60B5000132F4F /* Products */,
			);
			sourceTree = "<group>";
		};
		F6885D882DD60B5000132F4F /* Products */ = {
			isa = PBXGroup;
			children = (
				F6885D872DD60B5000132F4F /* GitUserBrowser.app */,
				F6885D972DD60B5500132F4F /* GitUserBrowserTests.xctest */,
				F6885DA12DD60B5500132F4F /* GitUserBrowserUITests.xctest */,
			);
			name = Products;
			sourceTree = "<group>";
		};
/* End PBXGroup section */

/* Begin PBXNativeTarget section */
		F6885D862DD60B5000132F4F /* GitUserBrowser */ = {
			isa = PBXNativeTarget;
			buildConfigurationList = F6885DAB2DD60B5500132F4F /* Build configuration list for PBXNativeTarget "GitUserBrowser" */;
			buildPhases = (
				F6885D832DD60B5000132F4F /* Sources */,
				F6885D842DD60B5000132F4F /* Frameworks */,
				F6885D852DD60B5000132F4F /* Resources */,
			);
			buildRules = (
			);
			dependencies = (
			);
			fileSystemSynchronizedGroups = (
				F6885D892DD60B5000132F4F /* GitUserBrowser */,
			);
			name = GitUserBrowser;
			packageProductDependencies = (
				F682D83B2DD7017800A55D10 /* Kingfisher */,
			);
			productName = GitUserBrowser;
			productReference = F6885D872DD60B5000132F4F /* GitUserBrowser.app */;
			productType = "com.apple.product-type.application";
		};
		F6885D962DD60B5500132F4F /* GitUserBrowserTests */ = {
			isa = PBXNativeTarget;
			buildConfigurationList = F6885DAE2DD60B5500132F4F /* Build configuration list for PBXNativeTarget "GitUserBrowserTests" */;
			buildPhases = (
				F6885D932DD60B5500132F4F /* Sources */,
				F6885D942DD60B5500132F4F /* Frameworks */,
				F6885D952DD60B5500132F4F /* Resources */,
			);
			buildRules = (
			);
			dependencies = (
				F6885D992DD60B5500132F4F /* PBXTargetDependency */,
			);
			fileSystemSynchronizedGroups = (
				F6885D9A2DD60B5500132F4F /* GitUserBrowserTests */,
			);
			name = GitUserBrowserTests;
			packageProductDependencies = (
			);
			productName = GitUserBrowserTests;
			productReference = F6885D972DD60B5500132F4F /* GitUserBrowserTests.xctest */;
			productType = "com.apple.product-type.bundle.unit-test";
		};
		F6885DA02DD60B5500132F4F /* GitUserBrowserUITests */ = {
			isa = PBXNativeTarget;
			buildConfigurationList = F6885DB12DD60B5500132F4F /* Build configuration list for PBXNativeTarget "GitUserBrowserUITests" */;
			buildPhases = (
				F6885D9D2DD60B5500132F4F /* Sources */,
				F6885D9E2DD60B5500132F4F /* Frameworks */,
				F6885D9F2DD60B5500132F4F /* Resources */,
			);
			buildRules = (
			);
			dependencies = (
				F6885DA32DD60B5500132F4F /* PBXTargetDependency */,
			);
			fileSystemSynchronizedGroups = (
				F6885DA42DD60B5500132F4F /* GitUserBrowserUITests */,
			);
			name = GitUserBrowserUITests;
			packageProductDependencies = (
			);
			productName = GitUserBrowserUITests;
			productReference = F6885DA12DD60B5500132F4F /* GitUserBrowserUITests.xctest */;
			productType = "com.apple.product-type.bundle.ui-testing";
		};
/* End PBXNativeTarget section */

/* Begin PBXProject section */
		F6885D7F2DD60B5000132F4F /* Project object */ = {
			isa = PBXProject;
			attributes = {
				BuildIndependentTargetsInParallel = 1;
				LastSwiftUpdateCheck = 1620;
				LastUpgradeCheck = 1620;
				TargetAttributes = {
					F6885D862DD60B5000132F4F = {
						CreatedOnToolsVersion = 16.2;
					};
					F6885D962DD60B5500132F4F = {
						CreatedOnToolsVersion = 16.2;
						TestTargetID = F6885D862DD60B5000132F4F;
					};
					F6885DA02DD60B5500132F4F = {
						CreatedOnToolsVersion = 16.2;
						TestTargetID = F6885D862DD60B5000132F4F;
					};
				};
			};
			buildConfigurationList = F6885D822DD60B5000132F4F /* Build configuration list for PBXProject "GitUserBrowser" */;
			developmentRegion = en;
			hasScannedForEncodings = 0;
			knownRegions = (
				en,
				Base,
			);
			mainGroup = F6885D7E2DD60B5000132F4F;
			minimizedProjectReferenceProxies = 1;
			packageReferences = (
				F682D7EF2DD6F8A500A55D10 /* XCRemoteSwiftPackageReference "Kingfisher" */,
			);
			preferredProjectObjectVersion = 77;
			productRefGroup = F6885D882DD60B5000132F4F /* Products */;
			projectDirPath = "";
			projectRoot = "";
			targets = (
				F6885D862DD60B5000132F4F /* GitUserBrowser */,
				F6885D962DD60B5500132F4F /* GitUserBrowserTests */,
				F6885DA02DD60B5500132F4F /* GitUserBrowserUITests */,
			);
		};
/* End PBXProject section */

/* Begin PBXResourcesBuildPhase section */
		F6885D852DD60B5000132F4F /* Resources */ = {
			isa = PBXResourcesBuildPhase;
			buildActionMask = 2147483647;
			files = (
			);
			runOnlyForDeploymentPostprocessing = 0;
		};
		F6885D952DD60B5500132F4F /* Resources */ = {
			isa = PBXResourcesBuildPhase;
			buildActionMask = 2147483647;
			files = (
			);
			runOnlyForDeploymentPostprocessing = 0;
		};
		F6885D9F2DD60B5500132F4F /* Resources */ = {
			isa = PBXResourcesBuildPhase;
			buildActionMask = 2147483647;
			files = (
			);
			runOnlyForDeploymentPostprocessing = 0;
		};
/* End PBXResourcesBuildPhase section */

/* Begin PBXSourcesBuildPhase section */
		F6885D832DD60B5000132F4F /* Sources */ = {
			isa = PBXSourcesBuildPhase;
			buildActionMask = 2147483647;
			files = (
			);
			runOnlyForDeploymentPostprocessing = 0;
		};
		F6885D932DD60B5500132F4F /* Sources */ = {
			isa = PBXSourcesBuildPhase;
			buildActionMask = 2147483647;
			files = (
			);
			runOnlyForDeploymentPostprocessing = 0;
		};
		F6885D9D2DD60B5500132F4F /* Sources */ = {
			isa = PBXSourcesBuildPhase;
			buildActionMask = 2147483647;
			files = (
			);
			runOnlyForDeploymentPostprocessing = 0;
		};
/* End PBXSourcesBuildPhase section */

/* Begin PBXTargetDependency section */
		F6885D992DD60B5500132F4F /* PBXTargetDependency */ = {
			isa = PBXTargetDependency;
			target = F6885D862DD60B5000132F4F /* GitUserBrowser */;
			targetProxy = F6885D982DD60B5500132F4F /* PBXContainerItemProxy */;
		};
		F6885DA32DD60B5500132F4F /* PBXTargetDependency */ = {
			isa = PBXTargetDependency;
			target = F6885D862DD60B5000132F4F /* GitUserBrowser */;
			targetProxy = F6885DA22DD60B5500132F4F /* PBXContainerItemProxy */;
		};
/* End PBXTargetDependency section */

/* Begin XCBuildConfiguration section */
		F6885DA92DD60B5500132F4F /* Debug */ = {
			isa = XCBuildConfiguration;
			buildSettings = {
				ALWAYS_SEARCH_USER_PATHS = NO;
				ASSETCATALOG_COMPILER_GENERATE_SWIFT_ASSET_SYMBOL_EXTENSIONS = YES;
				CLANG_ANALYZER_NONNULL = YES;
				CLANG_ANALYZER_NUMBER_OBJECT_CONVERSION = YES_AGGRESSIVE;
				CLANG_CXX_LANGUAGE_STANDARD = "gnu++20";
				CLANG_ENABLE_MODULES = YES;
				CLANG_ENABLE_OBJC_ARC = YES;
				CLANG_ENABLE_OBJC_WEAK = YES;
				CLANG_WARN_BLOCK_CAPTURE_AUTORELEASING = YES;
				CLANG_WARN_BOOL_CONVERSION = YES;
				CLANG_WARN_COMMA = YES;
				CLANG_WARN_CONSTANT_CONVERSION = YES;
				CLANG_WARN_DEPRECATED_OBJC_IMPLEMENTATIONS = YES;
				CLANG_WARN_DIRECT_OBJC_ISA_USAGE = YES_ERROR;
				CLANG_WARN_DOCUMENTATION_COMMENTS = YES;
				CLANG_WARN_EMPTY_BODY = YES;
				CLANG_WARN_ENUM_CONVERSION = YES;
				CLANG_WARN_INFINITE_RECURSION = YES;
				CLANG_WARN_INT_CONVERSION = YES;
				CLANG_WARN_NON_LITERAL_NULL_CONVERSION = YES;
				CLANG_WARN_OBJC_IMPLICIT_RETAIN_SELF = YES;
				CLANG_WARN_OBJC_LITERAL_CONVERSION = YES;
				CLANG_WARN_OBJC_ROOT_CLASS = YES_ERROR;
				CLANG_WARN_QUOTED_INCLUDE_IN_FRAMEWORK_HEADER = YES;
				CLANG_WARN_RANGE_LOOP_ANALYSIS = YES;
				CLANG_WARN_STRICT_PROTOTYPES = YES;
				CLANG_WARN_SUSPICIOUS_MOVE = YES;
				CLANG_WARN_UNGUARDED_AVAILABILITY = YES_AGGRESSIVE;
				CLANG_WARN_UNREACHABLE_CODE = YES;
				CLANG_WARN__DUPLICATE_METHOD_MATCH = YES;
				COPY_PHASE_STRIP = NO;
				DEBUG_INFORMATION_FORMAT = dwarf;
				ENABLE_STRICT_OBJC_MSGSEND = YES;
				ENABLE_TESTABILITY = YES;
				ENABLE_USER_SCRIPT_SANDBOXING = YES;
				GCC_C_LANGUAGE_STANDARD = gnu17;
				GCC_DYNAMIC_NO_PIC = NO;
				GCC_NO_COMMON_BLOCKS = YES;
				GCC_OPTIMIZATION_LEVEL = 0;
				GCC_PREPROCESSOR_DEFINITIONS = (
					"DEBUG=1",
					"$(inherited)",
				);
				GCC_WARN_64_TO_32_BIT_CONVERSION = YES;
				GCC_WARN_ABOUT_RETURN_TYPE = YES_ERROR;
				GCC_WARN_UNDECLARED_SELECTOR = YES;
				GCC_WARN_UNINITIALIZED_AUTOS = YES_AGGRESSIVE;
				GCC_WARN_UNUSED_FUNCTION = YES;
				GCC_WARN_UNUSED_VARIABLE = YES;
				IPHONEOS_DEPLOYMENT_TARGET = 18.2;
				LOCALIZATION_PREFERS_STRING_CATALOGS = YES;
				MTL_ENABLE_DEBUG_INFO = INCLUDE_SOURCE;
				MTL_FAST_MATH = YES;
				ONLY_ACTIVE_ARCH = YES;
				SDKROOT = iphoneos;
				SWIFT_ACTIVE_COMPILATION_CONDITIONS = "DEBUG $(inherited)";
				SWIFT_OPTIMIZATION_LEVEL = "-Onone";
			};
			name = Debug;
		};
		F6885DAA2DD60B5500132F4F /* Release */ = {
			isa = XCBuildConfiguration;
			buildSettings = {
				ALWAYS_SEARCH_USER_PATHS = NO;
				ASSETCATALOG_COMPILER_GENERATE_SWIFT_ASSET_SYMBOL_EXTENSIONS = YES;
				CLANG_ANALYZER_NONNULL = YES;
				CLANG_ANALYZER_NUMBER_OBJECT_CONVERSION = YES_AGGRESSIVE;
				CLANG_CXX_LANGUAGE_STANDARD = "gnu++20";
				CLANG_ENABLE_MODULES = YES;
				CLANG_ENABLE_OBJC_ARC = YES;
				CLANG_ENABLE_OBJC_WEAK = YES;
				CLANG_WARN_BLOCK_CAPTURE_AUTORELEASING = YES;
				CLANG_WARN_BOOL_CONVERSION = YES;
				CLANG_WARN_COMMA = YES;
				CLANG_WARN_CONSTANT_CONVERSION = YES;
				CLANG_WARN_DEPRECATED_OBJC_IMPLEMENTATIONS = YES;
				CLANG_WARN_DIRECT_OBJC_ISA_USAGE = YES_ERROR;
				CLANG_WARN_DOCUMENTATION_COMMENTS = YES;
				CLANG_WARN_EMPTY_BODY = YES;
				CLANG_WARN_ENUM_CONVERSION = YES;
				CLANG_WARN_INFINITE_RECURSION = YES;
				CLANG_WARN_INT_CONVERSION = YES;
				CLANG_WARN_NON_LITERAL_NULL_CONVERSION = YES;
				CLANG_WARN_OBJC_IMPLICIT_RETAIN_SELF = YES;
				CLANG_WARN_OBJC_LITERAL_CONVERSION = YES;
				CLANG_WARN_OBJC_ROOT_CLASS = YES_ERROR;
				CLANG_WARN_QUOTED_INCLUDE_IN_FRAMEWORK_HEADER = YES;
				CLANG_WARN_RANGE_LOOP_ANALYSIS = YES;
				CLANG_WARN_STRICT_PROTOTYPES = YES;
				CLANG_WARN_SUSPICIOUS_MOVE = YES;
				CLANG_WARN_UNGUARDED_AVAILABILITY = YES_AGGRESSIVE;
				CLANG_WARN_UNREACHABLE_CODE = YES;
				CLANG_WARN__DUPLICATE_METHOD_MATCH = YES;
				COPY_PHASE_STRIP = NO;
				DEBUG_INFORMATION_FORMAT = "dwarf-with-dsym";
				ENABLE_NS_ASSERTIONS = NO;
				ENABLE_STRICT_OBJC_MSGSEND = YES;
				ENABLE_USER_SCRIPT_SANDBOXING = YES;
				GCC_C_LANGUAGE_STANDARD = gnu17;
				GCC_NO_COMMON_BLOCKS = YES;
				GCC_WARN_64_TO_32_BIT_CONVERSION = YES;
				GCC_WARN_ABOUT_RETURN_TYPE = YES_ERROR;
				GCC_WARN_UNDECLARED_SELECTOR = YES;
				GCC_WARN_UNINITIALIZED_AUTOS = YES_AGGRESSIVE;
				GCC_WARN_UNUSED_FUNCTION = YES;
				GCC_WARN_UNUSED_VARIABLE = YES;
				IPHONEOS_DEPLOYMENT_TARGET = 18.2;
				LOCALIZATION_PREFERS_STRING_CATALOGS = YES;
				MTL_ENABLE_DEBUG_INFO = NO;
				MTL_FAST_MATH = YES;
				SDKROOT = iphoneos;
				SWIFT_COMPILATION_MODE = wholemodule;
				VALIDATE_PRODUCT = YES;
			};
			name = Release;
		};
		F6885DAC2DD60B5500132F4F /* Debug */ = {
			isa = XCBuildConfiguration;
			buildSettings = {
				ASSETCATALOG_COMPILER_APPICON_NAME = AppIcon;
				ASSETCATALOG_COMPILER_GLOBAL_ACCENT_COLOR_NAME = AccentColor;
				CODE_SIGN_STYLE = Automatic;
				CURRENT_PROJECT_VERSION = 1;
				DEVELOPMENT_ASSET_PATHS = "\"GitUserBrowser/Preview Content\"";
				ENABLE_PREVIEWS = YES;
				GENERATE_INFOPLIST_FILE = YES;
				INFOPLIST_KEY_UIApplicationSceneManifest_Generation = YES;
				INFOPLIST_KEY_UIApplicationSupportsIndirectInputEvents = YES;
				INFOPLIST_KEY_UILaunchScreen_Generation = YES;
				INFOPLIST_KEY_UISupportedInterfaceOrientations_iPad = "UIInterfaceOrientationPortrait UIInterfaceOrientationPortraitUpsideDown UIInterfaceOrientationLandscapeLeft UIInterfaceOrientationLandscapeRight";
				INFOPLIST_KEY_UISupportedInterfaceOrientations_iPhone = "UIInterfaceOrientationPortrait UIInterfaceOrientationLandscapeLeft UIInterfaceOrientationLandscapeRight";
				LD_RUNPATH_SEARCH_PATHS = (
					"$(inherited)",
					"@executable_path/Frameworks",
				);
				MARKETING_VERSION = 1.0;
				PRODUCT_BUNDLE_IDENTIFIER = com.assignment.GitUserBrowser;
				PRODUCT_NAME = "$(TARGET_NAME)";
				SWIFT_EMIT_LOC_STRINGS = YES;
				SWIFT_VERSION = 5.0;
				TARGETED_DEVICE_FAMILY = "1,2";
			};
			name = Debug;
		};
		F6885DAD2DD60B5500132F4F /* Release */ = {
			isa = XCBuildConfiguration;
			buildSettings = {
				ASSETCATALOG_COMPILER_APPICON_NAME = AppIcon;
				ASSETCATALOG_COMPILER_GLOBAL_ACCENT_COLOR_NAME = AccentColor;
				CODE_SIGN_STYLE = Automatic;
				CURRENT_PROJECT_VERSION = 1;
				DEVELOPMENT_ASSET_PATHS = "\"GitUserBrowser/Preview Content\"";
				ENABLE_PREVIEWS = YES;
				GENERATE_INFOPLIST_FILE = YES;
				INFOPLIST_KEY_UIApplicationSceneManifest_Generation = YES;
				INFOPLIST_KEY_UIApplicationSupportsIndirectInputEvents = YES;
				INFOPLIST_KEY_UILaunchScreen_Generation = YES;
				INFOPLIST_KEY_UISupportedInterfaceOrientations_iPad = "UIInterfaceOrientationPortrait UIInterfaceOrientationPortraitUpsideDown UIInterfaceOrientationLandscapeLeft UIInterfaceOrientationLandscapeRight";
				INFOPLIST_KEY_UISupportedInterfaceOrientations_iPhone = "UIInterfaceOrientationPortrait UIInterfaceOrientationLandscapeLeft UIInterfaceOrientationLandscapeRight";
				LD_RUNPATH_SEARCH_PATHS = (
					"$(inherited)",
					"@executable_path/Frameworks",
				);
				MARKETING_VERSION = 1.0;
				PRODUCT_BUNDLE_IDENTIFIER = com.assignment.GitUserBrowser;
				PRODUCT_NAME = "$(TARGET_NAME)";
				SWIFT_EMIT_LOC_STRINGS = YES;
				SWIFT_VERSION = 5.0;
				TARGETED_DEVICE_FAMILY = "1,2";
			};
			name = Release;
		};
		F6885DAF2DD60B5500132F4F /* Debug */ = {
			isa = XCBuildConfiguration;
			buildSettings = {
				BUNDLE_LOADER = "$(TEST_HOST)";
				CODE_SIGN_STYLE = Automatic;
				CURRENT_PROJECT_VERSION = 1;
				GENERATE_INFOPLIST_FILE = YES;
				IPHONEOS_DEPLOYMENT_TARGET = 18.2;
				MARKETING_VERSION = 1.0;
				PRODUCT_BUNDLE_IDENTIFIER = com.assignment.GitUserBrowserTests;
				PRODUCT_NAME = "$(TARGET_NAME)";
				SWIFT_EMIT_LOC_STRINGS = NO;
				SWIFT_VERSION = 5.0;
				TARGETED_DEVICE_FAMILY = "1,2";
				TEST_HOST = "$(BUILT_PRODUCTS_DIR)/GitUserBrowser.app/$(BUNDLE_EXECUTABLE_FOLDER_PATH)/GitUserBrowser";
			};
			name = Debug;
		};
		F6885DB02DD60B5500132F4F /* Release */ = {
			isa = XCBuildConfiguration;
			buildSettings = {
				BUNDLE_LOADER = "$(TEST_HOST)";
				CODE_SIGN_STYLE = Automatic;
				CURRENT_PROJECT_VERSION = 1;
				GENERATE_INFOPLIST_FILE = YES;
				IPHONEOS_DEPLOYMENT_TARGET = 18.2;
				MARKETING_VERSION = 1.0;
				PRODUCT_BUNDLE_IDENTIFIER = com.assignment.GitUserBrowserTests;
				PRODUCT_NAME = "$(TARGET_NAME)";
				SWIFT_EMIT_LOC_STRINGS = NO;
				SWIFT_VERSION = 5.0;
				TARGETED_DEVICE_FAMILY = "1,2";
				TEST_HOST = "$(BUILT_PRODUCTS_DIR)/GitUserBrowser.app/$(BUNDLE_EXECUTABLE_FOLDER_PATH)/GitUserBrowser";
			};
			name = Release;
		};
		F6885DB22DD60B5500132F4F /* Debug */ = {
			isa = XCBuildConfiguration;
			buildSettings = {
				CODE_SIGN_STYLE = Automatic;
				CURRENT_PROJECT_VERSION = 1;
				GENERATE_INFOPLIST_FILE = YES;
				MARKETING_VERSION = 1.0;
				PRODUCT_BUNDLE_IDENTIFIER = com.assignment.GitUserBrowserUITests;
				PRODUCT_NAME = "$(TARGET_NAME)";
				SWIFT_EMIT_LOC_STRINGS = NO;
				SWIFT_VERSION = 5.0;
				TARGETED_DEVICE_FAMILY = "1,2";
				TEST_TARGET_NAME = GitUserBrowser;
			};
			name = Debug;
		};
		F6885DB32DD60B5500132F4F /* Release */ = {
			isa = XCBuildConfiguration;
			buildSettings = {
				CODE_SIGN_STYLE = Automatic;
				CURRENT_PROJECT_VERSION = 1;
				GENERATE_INFOPLIST_FILE = YES;
				MARKETING_VERSION = 1.0;
				PRODUCT_BUNDLE_IDENTIFIER = com.assignment.GitUserBrowserUITests;
				PRODUCT_NAME = "$(TARGET_NAME)";
				SWIFT_EMIT_LOC_STRINGS = NO;
				SWIFT_VERSION = 5.0;
				TARGETED_DEVICE_FAMILY = "1,2";
				TEST_TARGET_NAME = GitUserBrowser;
			};
			name = Release;
		};
/* End XCBuildConfiguration section */

/* Begin XCConfigurationList section */
		F6885D822DD60B5000132F4F /* Build configuration list for PBXProject "GitUserBrowser" */ = {
			isa = XCConfigurationList;
			buildConfigurations = (
				F6885DA92DD60B5500132F4F /* Debug */,
				F6885DAA2DD60B5500132F4F /* Release */,
			);
			defaultConfigurationIsVisible = 0;
			defaultConfigurationName = Release;
		};
		F6885DAB2DD60B5500132F4F /* Build configuration list for PBXNativeTarget "GitUserBrowser" */ = {
			isa = XCConfigurationList;
			buildConfigurations = (
				F6885DAC2DD60B5500132F4F /* Debug */,
				F6885DAD2DD60B5500132F4F /* Release */,
			);
			defaultConfigurationIsVisible = 0;
			defaultConfigurationName = Release;
		};
		F6885DAE2DD60B5500132F4F /* Build configuration list for PBXNativeTarget "GitUserBrowserTests" */ = {
			isa = XCConfigurationList;
			buildConfigurations = (
				F6885DAF2DD60B5500132F4F /* Debug */,
				F6885DB02DD60B5500132F4F /* Release */,
			);
			defaultConfigurationIsVisible = 0;
			defaultConfigurationName = Release;
		};
		F6885DB12DD60B5500132F4F /* Build configuration list for PBXNativeTarget "GitUserBrowserUITests" */ = {
			isa = XCConfigurationList;
			buildConfigurations = (
				F6885DB22DD60B5500132F4F /* Debug */,
				F6885DB32DD60B5500132F4F /* Release */,
			);
			defaultConfigurationIsVisible = 0;
			defaultConfigurationName = Release;
		};
/* End XCConfigurationList section */

/* Begin XCRemoteSwiftPackageReference section */
		F682D7EF2DD6F8A500A55D10 /* XCRemoteSwiftPackageReference "Kingfisher" */ = {
			isa = XCRemoteSwiftPackageReference;
			repositoryURL = "https://github.com/onevcat/Kingfisher.git";
			requirement = {
				kind = upToNextMajorVersion;
				minimumVersion = 8.3.2;
			};
		};
/* End XCRemoteSwiftPackageReference section */

/* Begin XCSwiftPackageProductDependency section */
		F682D83B2DD7017800A55D10 /* Kingfisher */ = {
			isa = XCSwiftPackageProductDependency;
			package = F682D7EF2DD6F8A500A55D10 /* XCRemoteSwiftPackageReference "Kingfisher" */;
			productName = Kingfisher;
		};
/* End XCSwiftPackageProductDependency section */
	};
	rootObject = F6885D7F2DD60B5000132F4F /* Project object */;
}
